
Microsoft Visual Studio Solution File, Format Version 12.00
# Visual Studio Version 16
VisualStudioVersion = 16.0.30204.135
MinimumVisualStudioVersion = 10.0.40219.1
Project("{FAE04EC0-301F-11D3-BF4B-00C04F79EFBC}") = "Ejercicios06Extra01", "Ejercicios06Extra01\Ejercicios06Extra01.csproj", "{39274F6E-C31D-4DC8-B736-485267B6C24A}"
EndProject
Global
	GlobalSection(SolutionConfigurationPlatforms) = preSolution
		Debug|Any CPU = Debug|Any CPU
		Release|Any CPU = Release|Any CPU
	EndGlobalSection
	GlobalSection(ProjectConfigurationPlatforms) = postSolution
		{39274F6E-C31D-4DC8-B736-485267B6C24A}.Debug|Any CPU.ActiveCfg = Debug|Any CPU
		{39274F6E-C31D-4DC8-B736-485267B6C24A}.Debug|Any CPU.Build.0 = Debug|Any CPU
		{39274F6E-C31D-4DC8-B736-485267B6C24A}.Release|Any CPU.ActiveCfg = Release|Any CPU
		{39274F6E-C31D-4DC8-B736-485267B6C24A}.Release|Any CPU.Build.0 = Release|Any CPU
	EndGlobalSection
	GlobalSection(SolutionProperties) = preSolution
		HideSolutionNode = FALSE
	EndGlobalSection
	GlobalSection(ExtensibilityGlobals) = postSolution
		SolutionGuid = {ACB621C8-7358-435E-8615-F6F98664BE07}
	EndGlobalSection
EndGlobal
